
Microsoft Visual Studio Solution File, Format Version 12.00
# Visual Studio Version 16
VisualStudioVersion = 16.0.29911.84
MinimumVisualStudioVersion = 15.0.26124.0
Project("{2150E333-8FDC-42A3-9474-1A3956D46DE8}") = "src", "src", "{F07DB990-6742-4BBD-88A1-DD6F72820640}"
EndProject
Project("{9A19103F-16F7-4668-BE54-9A1E7A4F7556}") = "Socrates.Api", "src\Socrates.Api\Socrates.Api.csproj", "{5204EA94-BC54-4448-99E6-EBF72D907285}"
EndProject
Project("{9A19103F-16F7-4668-BE54-9A1E7A4F7556}") = "Socrates.App", "src\Socrates.App\Socrates.App.csproj", "{A4F141E8-6998-4DB4-9118-B2CD3E320AFE}"
EndProject
Project("{2150E333-8FDC-42A3-9474-1A3956D46DE8}") = "tests", "tests", "{7F4E8107-AC29-42C9-8417-43941B196B1A}"
EndProject
Project("{9A19103F-16F7-4668-BE54-9A1E7A4F7556}") = "Socrates.Api.Tests", "tests\Socrates.Api.Tests\Socrates.Api.Tests.csproj", "{8CDBACAF-7BE9-4C2D-968A-52818AF9548F}"
EndProject
Project("{FAE04EC0-301F-11D3-BF4B-00C04F79EFBC}") = "Socrates.Infrastructure", "src\Socrates.Infrastructure\Socrates.Infrastructure.csproj", "{81DACAD1-A0A1-4962-93BB-8D364F1FF4A4}"
EndProject
Project("{2150E333-8FDC-42A3-9474-1A3956D46DE8}") = "Domain", "Domain", "{70208102-B7C3-415B-94B2-AEBDA216D845}"
EndProject
Project("{FAE04EC0-301F-11D3-BF4B-00C04F79EFBC}") = "Socrates.SharedKernel", "src\Socrates.SharedKernel\Socrates.SharedKernel.csproj", "{1DB31E90-6544-495E-B911-9AE5CCA8E1B4}"
EndProject
Project("{9A19103F-16F7-4668-BE54-9A1E7A4F7556}") = "Socrates.Core", "src\Socrates.Core\Socrates.Core.csproj", "{5020480F-D082-4F54-8B5A-87CAA1918216}"
EndProject
Project("{FAE04EC0-301F-11D3-BF4B-00C04F79EFBC}") = "Socrates.AuthServer", "src\Socrates.AuthServer\Socrates.AuthServer.csproj", "{18F08914-208A-428D-AFF8-23C55712E631}"
EndProject
Global
	GlobalSection(SolutionConfigurationPlatforms) = preSolution
		Debug|Any CPU = Debug|Any CPU
		Debug|x64 = Debug|x64
		Debug|x86 = Debug|x86
		Release|Any CPU = Release|Any CPU
		Release|x64 = Release|x64
		Release|x86 = Release|x86
	EndGlobalSection
	GlobalSection(ProjectConfigurationPlatforms) = postSolution
		{5204EA94-BC54-4448-99E6-EBF72D907285}.Debug|Any CPU.ActiveCfg = Debug|Any CPU
		{5204EA94-BC54-4448-99E6-EBF72D907285}.Debug|Any CPU.Build.0 = Debug|Any CPU
		{5204EA94-BC54-4448-99E6-EBF72D907285}.Debug|x64.ActiveCfg = Debug|Any CPU
		{5204EA94-BC54-4448-99E6-EBF72D907285}.Debug|x64.Build.0 = Debug|Any CPU
		{5204EA94-BC54-4448-99E6-EBF72D907285}.Debug|x86.ActiveCfg = Debug|Any CPU
		{5204EA94-BC54-4448-99E6-EBF72D907285}.Debug|x86.Build.0 = Debug|Any CPU
		{5204EA94-BC54-4448-99E6-EBF72D907285}.Release|Any CPU.ActiveCfg = Release|Any CPU
		{5204EA94-BC54-4448-99E6-EBF72D907285}.Release|Any CPU.Build.0 = Release|Any CPU
		{5204EA94-BC54-4448-99E6-EBF72D907285}.Release|x64.ActiveCfg = Release|Any CPU
		{5204EA94-BC54-4448-99E6-EBF72D907285}.Release|x64.Build.0 = Release|Any CPU
		{5204EA94-BC54-4448-99E6-EBF72D907285}.Release|x86.ActiveCfg = Release|Any CPU
		{5204EA94-BC54-4448-99E6-EBF72D907285}.Release|x86.Build.0 = Release|Any CPU
		{A4F141E8-6998-4DB4-9118-B2CD3E320AFE}.Debug|Any CPU.ActiveCfg = Debug|Any CPU
		{A4F141E8-6998-4DB4-9118-B2CD3E320AFE}.Debug|Any CPU.Build.0 = Debug|Any CPU
		{A4F141E8-6998-4DB4-9118-B2CD3E320AFE}.Debug|x64.ActiveCfg = Debug|Any CPU
		{A4F141E8-6998-4DB4-9118-B2CD3E320AFE}.Debug|x64.Build.0 = Debug|Any CPU
		{A4F141E8-6998-4DB4-9118-B2CD3E320AFE}.Debug|x86.ActiveCfg = Debug|Any CPU
		{A4F141E8-6998-4DB4-9118-B2CD3E320AFE}.Debug|x86.Build.0 = Debug|Any CPU
		{A4F141E8-6998-4DB4-9118-B2CD3E320AFE}.Release|Any CPU.ActiveCfg = Release|Any CPU
		{A4F141E8-6998-4DB4-9118-B2CD3E320AFE}.Release|Any CPU.Build.0 = Release|Any CPU
		{A4F141E8-6998-4DB4-9118-B2CD3E320AFE}.Release|x64.ActiveCfg = Release|Any CPU
		{A4F141E8-6998-4DB4-9118-B2CD3E320AFE}.Release|x64.Build.0 = Release|Any CPU
		{A4F141E8-6998-4DB4-9118-B2CD3E320AFE}.Release|x86.ActiveCfg = Release|Any CPU
		{A4F141E8-6998-4DB4-9118-B2CD3E320AFE}.Release|x86.Build.0 = Release|Any CPU
		{8CDBACAF-7BE9-4C2D-968A-52818AF9548F}.Debug|Any CPU.ActiveCfg = Debug|Any CPU
		{8CDBACAF-7BE9-4C2D-968A-52818AF9548F}.Debug|Any CPU.Build.0 = Debug|Any CPU
		{8CDBACAF-7BE9-4C2D-968A-52818AF9548F}.Debug|x64.ActiveCfg = Debug|Any CPU
		{8CDBACAF-7BE9-4C2D-968A-52818AF9548F}.Debug|x64.Build.0 = Debug|Any CPU
		{8CDBACAF-7BE9-4C2D-968A-52818AF9548F}.Debug|x86.ActiveCfg = Debug|Any CPU
		{8CDBACAF-7BE9-4C2D-968A-52818AF9548F}.Debug|x86.Build.0 = Debug|Any CPU
		{8CDBACAF-7BE9-4C2D-968A-52818AF9548F}.Release|Any CPU.ActiveCfg = Release|Any CPU
		{8CDBACAF-7BE9-4C2D-968A-52818AF9548F}.Release|Any CPU.Build.0 = Release|Any CPU
		{8CDBACAF-7BE9-4C2D-968A-52818AF9548F}.Release|x64.ActiveCfg = Release|Any CPU
		{8CDBACAF-7BE9-4C2D-968A-52818AF9548F}.Release|x64.Build.0 = Release|Any CPU
		{8CDBACAF-7BE9-4C2D-968A-52818AF9548F}.Release|x86.ActiveCfg = Release|Any CPU
		{8CDBACAF-7BE9-4C2D-968A-52818AF9548F}.Release|x86.Build.0 = Release|Any CPU
		{81DACAD1-A0A1-4962-93BB-8D364F1FF4A4}.Debug|Any CPU.ActiveCfg = Debug|Any CPU
		{81DACAD1-A0A1-4962-93BB-8D364F1FF4A4}.Debug|Any CPU.Build.0 = Debug|Any CPU
		{81DACAD1-A0A1-4962-93BB-8D364F1FF4A4}.Debug|x64.ActiveCfg = Debug|Any CPU
		{81DACAD1-A0A1-4962-93BB-8D364F1FF4A4}.Debug|x64.Build.0 = Debug|Any CPU
		{81DACAD1-A0A1-4962-93BB-8D364F1FF4A4}.Debug|x86.ActiveCfg = Debug|Any CPU
		{81DACAD1-A0A1-4962-93BB-8D364F1FF4A4}.Debug|x86.Build.0 = Debug|Any CPU
		{81DACAD1-A0A1-4962-93BB-8D364F1FF4A4}.Release|Any CPU.ActiveCfg = Release|Any CPU
		{81DACAD1-A0A1-4962-93BB-8D364F1FF4A4}.Release|Any CPU.Build.0 = Release|Any CPU
		{81DACAD1-A0A1-4962-93BB-8D364F1FF4A4}.Release|x64.ActiveCfg = Release|Any CPU
		{81DACAD1-A0A1-4962-93BB-8D364F1FF4A4}.Release|x64.Build.0 = Release|Any CPU
		{81DACAD1-A0A1-4962-93BB-8D364F1FF4A4}.Release|x86.ActiveCfg = Release|Any CPU
		{81DACAD1-A0A1-4962-93BB-8D364F1FF4A4}.Release|x86.Build.0 = Release|Any CPU
		{1DB31E90-6544-495E-B911-9AE5CCA8E1B4}.Debug|Any CPU.ActiveCfg = Debug|Any CPU
		{1DB31E90-6544-495E-B911-9AE5CCA8E1B4}.Debug|Any CPU.Build.0 = Debug|Any CPU
		{1DB31E90-6544-495E-B911-9AE5CCA8E1B4}.Debug|x64.ActiveCfg = Debug|Any CPU
		{1DB31E90-6544-495E-B911-9AE5CCA8E1B4}.Debug|x64.Build.0 = Debug|Any CPU
		{1DB31E90-6544-495E-B911-9AE5CCA8E1B4}.Debug|x86.ActiveCfg = Debug|Any CPU
		{1DB31E90-6544-495E-B911-9AE5CCA8E1B4}.Debug|x86.Build.0 = Debug|Any CPU
		{1DB31E90-6544-495E-B911-9AE5CCA8E1B4}.Release|Any CPU.ActiveCfg = Release|Any CPU
		{1DB31E90-6544-495E-B911-9AE5CCA8E1B4}.Release|Any CPU.Build.0 = Release|Any CPU
		{1DB31E90-6544-495E-B911-9AE5CCA8E1B4}.Release|x64.ActiveCfg = Release|Any CPU
		{1DB31E90-6544-495E-B911-9AE5CCA8E1B4}.Release|x64.Build.0 = Release|Any CPU
		{1DB31E90-6544-495E-B911-9AE5CCA8E1B4}.Release|x86.ActiveCfg = Release|Any CPU
		{1DB31E90-6544-495E-B911-9AE5CCA8E1B4}.Release|x86.Build.0 = Release|Any CPU
		{5020480F-D082-4F54-8B5A-87CAA1918216}.Debug|Any CPU.ActiveCfg = Debug|Any CPU
		{5020480F-D082-4F54-8B5A-87CAA1918216}.Debug|Any CPU.Build.0 = Debug|Any CPU
		{5020480F-D082-4F54-8B5A-87CAA1918216}.Debug|x64.ActiveCfg = Debug|Any CPU
		{5020480F-D082-4F54-8B5A-87CAA1918216}.Debug|x64.Build.0 = Debug|Any CPU
		{5020480F-D082-4F54-8B5A-87CAA1918216}.Debug|x86.ActiveCfg = Debug|Any CPU
		{5020480F-D082-4F54-8B5A-87CAA1918216}.Debug|x86.Build.0 = Debug|Any CPU
		{5020480F-D082-4F54-8B5A-87CAA1918216}.Release|Any CPU.ActiveCfg = Release|Any CPU
		{5020480F-D082-4F54-8B5A-87CAA1918216}.Release|Any CPU.Build.0 = Release|Any CPU
		{5020480F-D082-4F54-8B5A-87CAA1918216}.Release|x64.ActiveCfg = Release|Any CPU
		{5020480F-D082-4F54-8B5A-87CAA1918216}.Release|x64.Build.0 = Release|Any CPU
		{5020480F-D082-4F54-8B5A-87CAA1918216}.Release|x86.ActiveCfg = Release|Any CPU
		{5020480F-D082-4F54-8B5A-87CAA1918216}.Release|x86.Build.0 = Release|Any CPU
		{18F08914-208A-428D-AFF8-23C55712E631}.Debug|Any CPU.ActiveCfg = Debug|Any CPU
		{18F08914-208A-428D-AFF8-23C55712E631}.Debug|Any CPU.Build.0 = Debug|Any CPU
		{18F08914-208A-428D-AFF8-23C55712E631}.Debug|x64.ActiveCfg = Debug|Any CPU
		{18F08914-208A-428D-AFF8-23C55712E631}.Debug|x64.Build.0 = Debug|Any CPU
		{18F08914-208A-428D-AFF8-23C55712E631}.Debug|x86.ActiveCfg = Debug|Any CPU
		{18F08914-208A-428D-AFF8-23C55712E631}.Debug|x86.Build.0 = Debug|Any CPU
		{18F08914-208A-428D-AFF8-23C55712E631}.Release|Any CPU.ActiveCfg = Release|Any CPU
		{18F08914-208A-428D-AFF8-23C55712E631}.Release|Any CPU.Build.0 = Release|Any CPU
		{18F08914-208A-428D-AFF8-23C55712E631}.Release|x64.ActiveCfg = Release|Any CPU
		{18F08914-208A-428D-AFF8-23C55712E631}.Release|x64.Build.0 = Release|Any CPU
		{18F08914-208A-428D-AFF8-23C55712E631}.Release|x86.ActiveCfg = Release|Any CPU
		{18F08914-208A-428D-AFF8-23C55712E631}.Release|x86.Build.0 = Release|Any CPU
	EndGlobalSection
	GlobalSection(SolutionProperties) = preSolution
		HideSolutionNode = FALSE
	EndGlobalSection
	GlobalSection(NestedProjects) = preSolution
		{5204EA94-BC54-4448-99E6-EBF72D907285} = {F07DB990-6742-4BBD-88A1-DD6F72820640}
		{A4F141E8-6998-4DB4-9118-B2CD3E320AFE} = {F07DB990-6742-4BBD-88A1-DD6F72820640}
		{8CDBACAF-7BE9-4C2D-968A-52818AF9548F} = {7F4E8107-AC29-42C9-8417-43941B196B1A}
		{81DACAD1-A0A1-4962-93BB-8D364F1FF4A4} = {F07DB990-6742-4BBD-88A1-DD6F72820640}
		{70208102-B7C3-415B-94B2-AEBDA216D845} = {F07DB990-6742-4BBD-88A1-DD6F72820640}
		{1DB31E90-6544-495E-B911-9AE5CCA8E1B4} = {70208102-B7C3-415B-94B2-AEBDA216D845}
		{5020480F-D082-4F54-8B5A-87CAA1918216} = {70208102-B7C3-415B-94B2-AEBDA216D845}
		{18F08914-208A-428D-AFF8-23C55712E631} = {F07DB990-6742-4BBD-88A1-DD6F72820640}
	EndGlobalSection
	GlobalSection(ExtensibilityGlobals) = postSolution
		SolutionGuid = {173B4C0C-99CA-4D87-8FB7-FE18E4A0F284}
	EndGlobalSection
EndGlobal
